
Microsoft Visual Studio Solution File, Format Version 12.00
# Visual Studio 2012
Project("{FAE04EC0-301F-11D3-BF4B-00C04F79EFBC}") = "Microsoft.Xbox.Xtf", "Microsoft.Xbox.Xtf\Microsoft.Xbox.Xtf.csproj", "{CD844E25-CD50-42CE-AA1B-7396D633D630}"
EndProject
Project("{FAE04EC0-301F-11D3-BF4B-00C04F79EFBC}") = "Microsoft.Xbox.Xtf.ConsoleControl", "Microsoft.Xbox.Xtf.ConsoleControl\Microsoft.Xbox.Xtf.ConsoleControl.csproj", "{D40650CC-8930-4F66-B7E2-12A328CA4070}"
EndProject
Project("{FAE04EC0-301F-11D3-BF4B-00C04F79EFBC}") = "Microsoft.Xbox.Xtf.Application", "Microsoft.Xbox.Xtf.Application\Microsoft.Xbox.Xtf.Application.csproj", "{54511C68-F811-4F7C-B7D2-CCBC53542328}"
EndProject
Project("{FAE04EC0-301F-11D3-BF4B-00C04F79EFBC}") = "Microsoft.Xbox.Xtf.ConsoleManager", "Microsoft.Xbox.Xtf.ConsoleManager\Microsoft.Xbox.Xtf.ConsoleManager.csproj", "{91EE26BB-006F-470D-8BDE-E83573832AF2}"
EndProject
Project("{FAE04EC0-301F-11D3-BF4B-00C04F79EFBC}") = "Microsoft.Xbox.Xtf.FileIO", "Microsoft.Xbox.Xtf.FileIO\Microsoft.Xbox.Xtf.FileIO.csproj", "{79812B36-1FE0-4CB7-B0DE-74672D67279F}"
EndProject
Project("{FAE04EC0-301F-11D3-BF4B-00C04F79EFBC}") = "Microsoft.Xbox.Xtf.DebugMonitor", "Microsoft.Xbox.Xtf.DebugMonitor\Microsoft.Xbox.Xtf.DebugMonitor.csproj", "{4D6D3F7E-2058-46EA-BA44-DEB06D860751}"
EndProject
Project("{FAE04EC0-301F-11D3-BF4B-00C04F79EFBC}") = "Microsoft.Xbox.Xtf.Input", "Microsoft.Xbox.Xtf.Input\Microsoft.Xbox.Xtf.Input.csproj", "{6DEF3A22-B038-4D02-82DE-4D569009D686}"
EndProject
Project("{FAE04EC0-301F-11D3-BF4B-00C04F79EFBC}") = "Microsoft.Xbox.Xtf.RemoteRun", "Microsoft.Xbox.Xtf.RemoteRun\Microsoft.Xbox.Xtf.RemoteRun.csproj", "{B452577E-086B-41C7-9B20-ED40681D62AE}"
EndProject
Project("{FAE04EC0-301F-11D3-BF4B-00C04F79EFBC}") = "Microsoft.Xbox.Xtf.User", "Microsoft.Xbox.Xtf.User\Microsoft.Xbox.Xtf.User.csproj", "{859D543E-1563-430B-A434-0CADE9446660}"
EndProject
Global
	GlobalSection(TeamFoundationVersionControl) = preSolution
		SccNumberOfProjects = 10
		SccEnterpriseProvider = {4CA58AB2-18FA-4F8D-95D4-32DDF27D184C}
		SccTeamFoundationServer = http://vstfpg03:8080/tfs/cts
		SccLocalPath0 = .
		SccProjectUniqueName1 = Microsoft.Xbox.Xtf.ConsoleControl\\Microsoft.Xbox.Xtf.ConsoleControl.csproj
		SccProjectName1 = Microsoft.Xbox.Xtf.ConsoleControl
		SccLocalPath1 = Microsoft.Xbox.Xtf.ConsoleControl
		SccProjectUniqueName2 = Microsoft.Xbox.Xtf.Application\\Microsoft.Xbox.Xtf.Application.csproj
		SccProjectName2 = Microsoft.Xbox.Xtf.Application
		SccLocalPath2 = Microsoft.Xbox.Xtf.Application
		SccProjectUniqueName3 = Microsoft.Xbox.Xtf.ConsoleManager\\Microsoft.Xbox.Xtf.ConsoleManager.csproj
		SccProjectName3 = Microsoft.Xbox.Xtf.ConsoleManager
		SccLocalPath3 = Microsoft.Xbox.Xtf.ConsoleManager
		SccProjectUniqueName4 = Microsoft.Xbox.Xtf.FileIO\\Microsoft.Xbox.Xtf.FileIO.csproj
		SccProjectName4 = Microsoft.Xbox.Xtf.FileIO
		SccLocalPath4 = Microsoft.Xbox.Xtf.FileIO
		SccProjectUniqueName5 = Microsoft.Xbox.Xtf.DebugMonitor\\Microsoft.Xbox.Xtf.DebugMonitor.csproj
		SccProjectName5 = Microsoft.Xbox.Xtf.DebugMonitor
		SccLocalPath5 = Microsoft.Xbox.Xtf.DebugMonitor
		SccProjectUniqueName6 = Microsoft.Xbox.Xtf\\Microsoft.Xbox.Xtf.csproj
		SccProjectName6 = Microsoft.Xbox.Xtf
		SccLocalPath6 = Microsoft.Xbox.Xtf
		SccProjectUniqueName7 = Microsoft.Xbox.Xtf.Input\\Microsoft.Xbox.Xtf.Input.csproj
		SccProjectName7 = Microsoft.Xbox.Xtf.Input
		SccLocalPath7 = Microsoft.Xbox.Xtf.Input
		SccProjectUniqueName8 = Microsoft.Xbox.Xtf.RemoteRun\\Microsoft.Xbox.Xtf.RemoteRun.csproj
		SccProjectName8 = Microsoft.Xbox.Xtf.RemoteRun
		SccLocalPath8 = Microsoft.Xbox.Xtf.RemoteRun
		SccProjectUniqueName9 = Microsoft.Xbox.Xtf.User\\Microsoft.Xbox.Xtf.User.csproj
		SccProjectName9 = Microsoft.Xbox.Xtf.User
		SccLocalPath9 = Microsoft.Xbox.Xtf.User
	EndGlobalSection
	GlobalSection(SolutionConfigurationPlatforms) = preSolution
		Debug|x64 = Debug|x64
		Release|x64 = Release|x64
	EndGlobalSection
	GlobalSection(ProjectConfigurationPlatforms) = postSolution
		{CD844E25-CD50-42CE-AA1B-7396D633D630}.Debug|x64.ActiveCfg = Debug|x64
		{CD844E25-CD50-42CE-AA1B-7396D633D630}.Debug|x64.Build.0 = Debug|x64
		{CD844E25-CD50-42CE-AA1B-7396D633D630}.Release|x64.ActiveCfg = Release|x64
		{CD844E25-CD50-42CE-AA1B-7396D633D630}.Release|x64.Build.0 = Release|x64
		{D40650CC-8930-4F66-B7E2-12A328CA4070}.Debug|x64.ActiveCfg = Debug|x64
		{D40650CC-8930-4F66-B7E2-12A328CA4070}.Debug|x64.Build.0 = Debug|x64
		{D40650CC-8930-4F66-B7E2-12A328CA4070}.Release|x64.ActiveCfg = Release|x64
		{D40650CC-8930-4F66-B7E2-12A328CA4070}.Release|x64.Build.0 = Release|x64
		{54511C68-F811-4F7C-B7D2-CCBC53542328}.Debug|x64.ActiveCfg = Debug|x64
		{54511C68-F811-4F7C-B7D2-CCBC53542328}.Debug|x64.Build.0 = Debug|x64
		{54511C68-F811-4F7C-B7D2-CCBC53542328}.Release|x64.ActiveCfg = Release|x64
		{54511C68-F811-4F7C-B7D2-CCBC53542328}.Release|x64.Build.0 = Release|x64
		{91EE26BB-006F-470D-8BDE-E83573832AF2}.Debug|x64.ActiveCfg = Debug|x64
		{91EE26BB-006F-470D-8BDE-E83573832AF2}.Debug|x64.Build.0 = Debug|x64
		{91EE26BB-006F-470D-8BDE-E83573832AF2}.Release|x64.ActiveCfg = Release|x64
		{91EE26BB-006F-470D-8BDE-E83573832AF2}.Release|x64.Build.0 = Release|x64
		{79812B36-1FE0-4CB7-B0DE-74672D67279F}.Debug|x64.ActiveCfg = Debug|x64
		{79812B36-1FE0-4CB7-B0DE-74672D67279F}.Debug|x64.Build.0 = Debug|x64
		{79812B36-1FE0-4CB7-B0DE-74672D67279F}.Release|x64.ActiveCfg = Release|x64
		{79812B36-1FE0-4CB7-B0DE-74672D67279F}.Release|x64.Build.0 = Release|x64
		{4D6D3F7E-2058-46EA-BA44-DEB06D860751}.Debug|x64.ActiveCfg = Debug|x64
		{4D6D3F7E-2058-46EA-BA44-DEB06D860751}.Debug|x64.Build.0 = Debug|x64
		{4D6D3F7E-2058-46EA-BA44-DEB06D860751}.Release|x64.ActiveCfg = Release|x64
		{4D6D3F7E-2058-46EA-BA44-DEB06D860751}.Release|x64.Build.0 = Release|x64
		{6DEF3A22-B038-4D02-82DE-4D569009D686}.Debug|x64.ActiveCfg = Debug|x64
		{6DEF3A22-B038-4D02-82DE-4D569009D686}.Debug|x64.Build.0 = Debug|x64
		{6DEF3A22-B038-4D02-82DE-4D569009D686}.Release|x64.ActiveCfg = Release|x64
		{6DEF3A22-B038-4D02-82DE-4D569009D686}.Release|x64.Build.0 = Release|x64
		{B452577E-086B-41C7-9B20-ED40681D62AE}.Debug|x64.ActiveCfg = Debug|x64
		{B452577E-086B-41C7-9B20-ED40681D62AE}.Debug|x64.Build.0 = Debug|x64
		{B452577E-086B-41C7-9B20-ED40681D62AE}.Release|x64.ActiveCfg = Release|x64
		{B452577E-086B-41C7-9B20-ED40681D62AE}.Release|x64.Build.0 = Release|x64
		{859D543E-1563-430B-A434-0CADE9446660}.Debug|x64.ActiveCfg = Debug|x64
		{859D543E-1563-430B-A434-0CADE9446660}.Debug|x64.Build.0 = Debug|x64
		{859D543E-1563-430B-A434-0CADE9446660}.Release|x64.ActiveCfg = Release|x64
		{859D543E-1563-430B-A434-0CADE9446660}.Release|x64.Build.0 = Release|x64
	EndGlobalSection
	GlobalSection(SolutionProperties) = preSolution
		HideSolutionNode = FALSE
	EndGlobalSection
EndGlobal
